
Microsoft Visual Studio Solution File, Format Version 12.00
# Visual Studio Version 17
VisualStudioVersion = 17.11.35303.130
MinimumVisualStudioVersion = 10.0.40219.1
Project("{FAE04EC0-301F-11D3-BF4B-00C04F79EFBC}") = "krispy-back-test", "krispy-back-test.csproj", "{0B391A87-26C1-4055-B63D-798F89B9684C}"
EndProject
Global
	GlobalSection(SolutionConfigurationPlatforms) = preSolution
		Debug|Any CPU = Debug|Any CPU
		Release|Any CPU = Release|Any CPU
	EndGlobalSection
	GlobalSection(ProjectConfigurationPlatforms) = postSolution
		{0B391A87-26C1-4055-B63D-798F89B9684C}.Debug|Any CPU.ActiveCfg = Debug|Any CPU
		{0B391A87-26C1-4055-B63D-798F89B9684C}.Debug|Any CPU.Build.0 = Debug|Any CPU
		{0B391A87-26C1-4055-B63D-798F89B9684C}.Release|Any CPU.ActiveCfg = Release|Any CPU
		{0B391A87-26C1-4055-B63D-798F89B9684C}.Release|Any CPU.Build.0 = Release|Any CPU
	EndGlobalSection
	GlobalSection(SolutionProperties) = preSolution
		HideSolutionNode = FALSE
	EndGlobalSection
	GlobalSection(ExtensibilityGlobals) = postSolution
		SolutionGuid = {CF6423D9-C337-4C76-ADC7-7D707384231C}
	EndGlobalSection
EndGlobal
